// !$*UTF8*$!
{
	archiveVersion = 1;
	classes = {
	};
	objectVersion = 52;
	objects = {

/* Begin PBXBuildFile section */
		7809B57A27B60ECE002C8484 /* GoogleService-Info.plist in Resources */ = {isa = PBXBuildFile; fileRef = 7809B57927B60ECE002C8484 /* GoogleService-Info.plist */; };
		7809B57D27B6138A002C8484 /* FirebaseAnalytics in Frameworks */ = {isa = PBXBuildFile; productRef = 7809B57C27B6138A002C8484 /* FirebaseAnalytics */; };
		7809B57F27B6138A002C8484 /* FirebaseAnalyticsSwift-Beta in Frameworks */ = {isa = PBXBuildFile; productRef = 7809B57E27B6138A002C8484 /* FirebaseAnalyticsSwift-Beta */; };
		7809B58127B6138A002C8484 /* FirebaseAnalyticsWithoutAdIdSupport in Frameworks */ = {isa = PBXBuildFile; productRef = 7809B58027B6138A002C8484 /* FirebaseAnalyticsWithoutAdIdSupport */; };
		7809B58327B6138A002C8484 /* FirebaseAppCheck in Frameworks */ = {isa = PBXBuildFile; productRef = 7809B58227B6138A002C8484 /* FirebaseAppCheck */; };
		7809B58527B6138A002C8484 /* FirebaseAppDistribution-Beta in Frameworks */ = {isa = PBXBuildFile; productRef = 7809B58427B6138A002C8484 /* FirebaseAppDistribution-Beta */; };
		7809B58727B6138A002C8484 /* FirebaseAuth in Frameworks */ = {isa = PBXBuildFile; productRef = 7809B58627B6138A002C8484 /* FirebaseAuth */; };
		7809B58927B6138A002C8484 /* FirebaseAuthCombine-Community in Frameworks */ = {isa = PBXBuildFile; productRef = 7809B58827B6138A002C8484 /* FirebaseAuthCombine-Community */; };
		7809B58B27B6138A002C8484 /* FirebaseCrashlytics in Frameworks */ = {isa = PBXBuildFile; productRef = 7809B58A27B6138A002C8484 /* FirebaseCrashlytics */; };
		7809B58D27B6138A002C8484 /* FirebaseDatabase in Frameworks */ = {isa = PBXBuildFile; productRef = 7809B58C27B6138A002C8484 /* FirebaseDatabase */; };
		7809B58F27B6138A002C8484 /* FirebaseDatabaseSwift-Beta in Frameworks */ = {isa = PBXBuildFile; productRef = 7809B58E27B6138A002C8484 /* FirebaseDatabaseSwift-Beta */; };
		7809B59127B6138A002C8484 /* FirebaseDynamicLinks in Frameworks */ = {isa = PBXBuildFile; productRef = 7809B59027B6138A002C8484 /* FirebaseDynamicLinks */; };
		7809B59327B6138A002C8484 /* FirebaseFirestore in Frameworks */ = {isa = PBXBuildFile; productRef = 7809B59227B6138A002C8484 /* FirebaseFirestore */; };
		7809B59527B6138A002C8484 /* FirebaseFirestoreCombine-Community in Frameworks */ = {isa = PBXBuildFile; productRef = 7809B59427B6138A002C8484 /* FirebaseFirestoreCombine-Community */; };
		7809B59727B6138A002C8484 /* FirebaseFirestoreSwift-Beta in Frameworks */ = {isa = PBXBuildFile; productRef = 7809B59627B6138A002C8484 /* FirebaseFirestoreSwift-Beta */; };
		7809B59927B6138A002C8484 /* FirebaseFunctions in Frameworks */ = {isa = PBXBuildFile; productRef = 7809B59827B6138A002C8484 /* FirebaseFunctions */; };
		7809B59B27B6138A002C8484 /* FirebaseFunctionsCombine-Community in Frameworks */ = {isa = PBXBuildFile; productRef = 7809B59A27B6138A002C8484 /* FirebaseFunctionsCombine-Community */; };
		7809B59D27B6138A002C8484 /* FirebaseFunctionsSwift-Beta in Frameworks */ = {isa = PBXBuildFile; productRef = 7809B59C27B6138A002C8484 /* FirebaseFunctionsSwift-Beta */; };
		7809B59F27B6138A002C8484 /* FirebaseInAppMessaging-Beta in Frameworks */ = {isa = PBXBuildFile; productRef = 7809B59E27B6138A002C8484 /* FirebaseInAppMessaging-Beta */; };
		7809B5A127B6138A002C8484 /* FirebaseInAppMessagingSwift-Beta in Frameworks */ = {isa = PBXBuildFile; productRef = 7809B5A027B6138A002C8484 /* FirebaseInAppMessagingSwift-Beta */; };
		7809B5A327B6138A002C8484 /* FirebaseInstallations in Frameworks */ = {isa = PBXBuildFile; productRef = 7809B5A227B6138A002C8484 /* FirebaseInstallations */; };
		7809B5A527B6138A002C8484 /* FirebaseMLModelDownloader in Frameworks */ = {isa = PBXBuildFile; productRef = 7809B5A427B6138A002C8484 /* FirebaseMLModelDownloader */; };
		7809B5A727B6138A002C8484 /* FirebaseMessaging in Frameworks */ = {isa = PBXBuildFile; productRef = 7809B5A627B6138A002C8484 /* FirebaseMessaging */; };
		7809B5A927B6138A002C8484 /* FirebasePerformance in Frameworks */ = {isa = PBXBuildFile; productRef = 7809B5A827B6138A002C8484 /* FirebasePerformance */; };
		7809B5AB27B6138A002C8484 /* FirebaseRemoteConfig in Frameworks */ = {isa = PBXBuildFile; productRef = 7809B5AA27B6138A002C8484 /* FirebaseRemoteConfig */; };
		7809B5AD27B6138A002C8484 /* FirebaseRemoteConfigSwift-Beta in Frameworks */ = {isa = PBXBuildFile; productRef = 7809B5AC27B6138A002C8484 /* FirebaseRemoteConfigSwift-Beta */; };
		7809B5AF27B6138A002C8484 /* FirebaseStorage in Frameworks */ = {isa = PBXBuildFile; productRef = 7809B5AE27B6138A002C8484 /* FirebaseStorage */; };
		7809B5B127B6138A002C8484 /* FirebaseStorageCombine-Community in Frameworks */ = {isa = PBXBuildFile; productRef = 7809B5B027B6138A002C8484 /* FirebaseStorageCombine-Community */; };
		7809B5B327B6138A002C8484 /* FirebaseStorageSwift-Beta in Frameworks */ = {isa = PBXBuildFile; productRef = 7809B5B227B6138A002C8484 /* FirebaseStorageSwift-Beta */; };
		840909FD27B762F100364E09 /* User.swift in Sources */ = {isa = PBXBuildFile; fileRef = 840909FC27B762F100364E09 /* User.swift */; };
		84090A0C27B7641300364E09 /* LoginViewController.swift in Sources */ = {isa = PBXBuildFile; fileRef = 84090A0B27B7641300364E09 /* LoginViewController.swift */; };
		84090A1127B7641F00364E09 /* SignupViewController.swift in Sources */ = {isa = PBXBuildFile; fileRef = 84090A1027B7641F00364E09 /* SignupViewController.swift */; };
		84090A1627B7739100364E09 /* Utilities.swift in Sources */ = {isa = PBXBuildFile; fileRef = 84090A1527B7739100364E09 /* Utilities.swift */; };
		84561F2C27E96D72008CEAD9 /* PostView.xib in Resources */ = {isa = PBXBuildFile; fileRef = 84561F2B27E96D72008CEAD9 /* PostView.xib */; };
		84561F3127E96E2F008CEAD9 /* PostView.swift in Sources */ = {isa = PBXBuildFile; fileRef = 84561F3027E96E2F008CEAD9 /* PostView.swift */; };
		8457AA9227B9A896000B5F15 /* Assets.xcassets in Resources */ = {isa = PBXBuildFile; fileRef = 8457AA9127B9A896000B5F15 /* Assets.xcassets */; };
		847596DF27BF66320041614F /* UserAuthViewController.swift in Sources */ = {isa = PBXBuildFile; fileRef = 847596DE27BF66320041614F /* UserAuthViewController.swift */; };
		847596E427BF67F30041614F /* PostViewController.swift in Sources */ = {isa = PBXBuildFile; fileRef = 847596E327BF67F30041614F /* PostViewController.swift */; };
		847596E927BF68BC0041614F /* ProfileBarberViewController.swift in Sources */ = {isa = PBXBuildFile; fileRef = 847596E827BF68BB0041614F /* ProfileBarberViewController.swift */; };
		847596EE27BF6E2A0041614F /* LocationViewController.swift in Sources */ = {isa = PBXBuildFile; fileRef = 847596ED27BF6E2A0041614F /* LocationViewController.swift */; };
		847596F627BF6EDD0041614F /* ProfileClientViewController.swift in Sources */ = {isa = PBXBuildFile; fileRef = 847596F527BF6EDD0041614F /* ProfileClientViewController.swift */; };
		848CA5C927B87697001EFD41 /* HomepageBarberViewController.swift in Sources */ = {isa = PBXBuildFile; fileRef = 848CA5C827B87697001EFD41 /* HomepageBarberViewController.swift */; };
		848CA5D127B87C70001EFD41 /* HomepageClientViewController.swift in Sources */ = {isa = PBXBuildFile; fileRef = 848CA5D027B87C70001EFD41 /* HomepageClientViewController.swift */; };
		848CA5D627B87CCA001EFD41 /* Constant.swift in Sources */ = {isa = PBXBuildFile; fileRef = 848CA5D527B87CCA001EFD41 /* Constant.swift */; };
		848CA5DB27B87E7B001EFD41 /* HomepageViewController.swift in Sources */ = {isa = PBXBuildFile; fileRef = 848CA5DA27B87E7B001EFD41 /* HomepageViewController.swift */; };
		84957A3A27C84F96000BA467 /* Post.swift in Sources */ = {isa = PBXBuildFile; fileRef = 84957A3927C84F96000BA467 /* Post.swift */; };
		84C4D6D127FC00360039D50A /* DetailedPostViewController.swift in Sources */ = {isa = PBXBuildFile; fileRef = 84C4D6D027FC00360039D50A /* DetailedPostViewController.swift */; };
		84C4D6D927FC0F260039D50A /* Like.swift in Sources */ = {isa = PBXBuildFile; fileRef = 84C4D6D827FC0F260039D50A /* Like.swift */; };
		84E483F727B1F85000F22445 /* AppDelegate.swift in Sources */ = {isa = PBXBuildFile; fileRef = 84E483F627B1F85000F22445 /* AppDelegate.swift */; };
		84E483F927B1F85000F22445 /* SceneDelegate.swift in Sources */ = {isa = PBXBuildFile; fileRef = 84E483F827B1F85000F22445 /* SceneDelegate.swift */; };
		84E483FB27B1F85000F22445 /* ViewController.swift in Sources */ = {isa = PBXBuildFile; fileRef = 84E483FA27B1F85000F22445 /* ViewController.swift */; };
		84E483FE27B1F85000F22445 /* Main.storyboard in Resources */ = {isa = PBXBuildFile; fileRef = 84E483FC27B1F85000F22445 /* Main.storyboard */; };
		84E4840327B1F85100F22445 /* LaunchScreen.storyboard in Resources */ = {isa = PBXBuildFile; fileRef = 84E4840127B1F85100F22445 /* LaunchScreen.storyboard */; };
		84E4840E27B1F85100F22445 /* BarberAppTests.swift in Sources */ = {isa = PBXBuildFile; fileRef = 84E4840D27B1F85100F22445 /* BarberAppTests.swift */; };
		84E4841927B1F85100F22445 /* BarberAppUITests.swift in Sources */ = {isa = PBXBuildFile; fileRef = 84E4841827B1F85100F22445 /* BarberAppUITests.swift */; };
/* End PBXBuildFile section */

/* Begin PBXContainerItemProxy section */
		84E4840A27B1F85100F22445 /* PBXContainerItemProxy */ = {
			isa = PBXContainerItemProxy;
			containerPortal = 84E483EB27B1F85000F22445 /* Project object */;
			proxyType = 1;
			remoteGlobalIDString = 84E483F227B1F85000F22445;
			remoteInfo = BarberApp;
		};
		84E4841527B1F85100F22445 /* PBXContainerItemProxy */ = {
			isa = PBXContainerItemProxy;
			containerPortal = 84E483EB27B1F85000F22445 /* Project object */;
			proxyType = 1;
			remoteGlobalIDString = 84E483F227B1F85000F22445;
			remoteInfo = BarberApp;
		};
/* End PBXContainerItemProxy section */

/* Begin PBXFileReference section */
		7809B57927B60ECE002C8484 /* GoogleService-Info.plist */ = {isa = PBXFileReference; fileEncoding = 4; lastKnownFileType = text.plist.xml; path = "GoogleService-Info.plist"; sourceTree = "<group>"; };
		840909FC27B762F100364E09 /* User.swift */ = {isa = PBXFileReference; lastKnownFileType = sourcecode.swift; path = User.swift; sourceTree = "<group>"; };
		84090A0B27B7641300364E09 /* LoginViewController.swift */ = {isa = PBXFileReference; lastKnownFileType = sourcecode.swift; path = LoginViewController.swift; sourceTree = "<group>"; };
		84090A1027B7641F00364E09 /* SignupViewController.swift */ = {isa = PBXFileReference; lastKnownFileType = sourcecode.swift; path = SignupViewController.swift; sourceTree = "<group>"; };
		84090A1527B7739100364E09 /* Utilities.swift */ = {isa = PBXFileReference; fileEncoding = 4; lastKnownFileType = sourcecode.swift; path = Utilities.swift; sourceTree = "<group>"; };
		84561F2B27E96D72008CEAD9 /* PostView.xib */ = {isa = PBXFileReference; lastKnownFileType = file.xib; path = PostView.xib; sourceTree = "<group>"; };
		84561F3027E96E2F008CEAD9 /* PostView.swift */ = {isa = PBXFileReference; lastKnownFileType = sourcecode.swift; path = PostView.swift; sourceTree = "<group>"; };
		8457AA9127B9A896000B5F15 /* Assets.xcassets */ = {isa = PBXFileReference; lastKnownFileType = folder.assetcatalog; path = Assets.xcassets; sourceTree = "<group>"; };
		847596DE27BF66320041614F /* UserAuthViewController.swift */ = {isa = PBXFileReference; lastKnownFileType = sourcecode.swift; path = UserAuthViewController.swift; sourceTree = "<group>"; };
		847596E327BF67F30041614F /* PostViewController.swift */ = {isa = PBXFileReference; lastKnownFileType = sourcecode.swift; path = PostViewController.swift; sourceTree = "<group>"; };
		847596E827BF68BB0041614F /* ProfileBarberViewController.swift */ = {isa = PBXFileReference; lastKnownFileType = sourcecode.swift; path = ProfileBarberViewController.swift; sourceTree = "<group>"; };
		847596ED27BF6E2A0041614F /* LocationViewController.swift */ = {isa = PBXFileReference; lastKnownFileType = sourcecode.swift; path = LocationViewController.swift; sourceTree = "<group>"; };
		847596F527BF6EDD0041614F /* ProfileClientViewController.swift */ = {isa = PBXFileReference; lastKnownFileType = sourcecode.swift; path = ProfileClientViewController.swift; sourceTree = "<group>"; };
		848CA5C827B87697001EFD41 /* HomepageBarberViewController.swift */ = {isa = PBXFileReference; lastKnownFileType = sourcecode.swift; path = HomepageBarberViewController.swift; sourceTree = "<group>"; };
		848CA5D027B87C70001EFD41 /* HomepageClientViewController.swift */ = {isa = PBXFileReference; lastKnownFileType = sourcecode.swift; path = HomepageClientViewController.swift; sourceTree = "<group>"; };
		848CA5D527B87CCA001EFD41 /* Constant.swift */ = {isa = PBXFileReference; lastKnownFileType = sourcecode.swift; path = Constant.swift; sourceTree = "<group>"; };
		848CA5DA27B87E7B001EFD41 /* HomepageViewController.swift */ = {isa = PBXFileReference; lastKnownFileType = sourcecode.swift; path = HomepageViewController.swift; sourceTree = "<group>"; };
		84957A3927C84F96000BA467 /* Post.swift */ = {isa = PBXFileReference; lastKnownFileType = sourcecode.swift; path = Post.swift; sourceTree = "<group>"; };
		84C4D6D027FC00360039D50A /* DetailedPostViewController.swift */ = {isa = PBXFileReference; lastKnownFileType = sourcecode.swift; name = DetailedPostViewController.swift; path = BarberApp/Controller/DetailedPostViewController.swift; sourceTree = SOURCE_ROOT; };
		84C4D6D827FC0F260039D50A /* Like.swift */ = {isa = PBXFileReference; lastKnownFileType = sourcecode.swift; path = Like.swift; sourceTree = "<group>"; };
		84E483F327B1F85000F22445 /* BarberApp.app */ = {isa = PBXFileReference; explicitFileType = wrapper.application; includeInIndex = 0; path = BarberApp.app; sourceTree = BUILT_PRODUCTS_DIR; };
		84E483F627B1F85000F22445 /* AppDelegate.swift */ = {isa = PBXFileReference; lastKnownFileType = sourcecode.swift; path = AppDelegate.swift; sourceTree = "<group>"; };
		84E483F827B1F85000F22445 /* SceneDelegate.swift */ = {isa = PBXFileReference; lastKnownFileType = sourcecode.swift; path = SceneDelegate.swift; sourceTree = "<group>"; };
		84E483FA27B1F85000F22445 /* ViewController.swift */ = {isa = PBXFileReference; lastKnownFileType = sourcecode.swift; path = ViewController.swift; sourceTree = "<group>"; };
		84E483FD27B1F85000F22445 /* Base */ = {isa = PBXFileReference; lastKnownFileType = file.storyboard; name = Base; path = Base.lproj/Main.storyboard; sourceTree = "<group>"; };
		84E4840227B1F85100F22445 /* Base */ = {isa = PBXFileReference; lastKnownFileType = file.storyboard; name = Base; path = Base.lproj/LaunchScreen.storyboard; sourceTree = "<group>"; };
		84E4840427B1F85100F22445 /* Info.plist */ = {isa = PBXFileReference; lastKnownFileType = text.plist.xml; path = Info.plist; sourceTree = "<group>"; };
		84E4840927B1F85100F22445 /* BarberAppTests.xctest */ = {isa = PBXFileReference; explicitFileType = wrapper.cfbundle; includeInIndex = 0; path = BarberAppTests.xctest; sourceTree = BUILT_PRODUCTS_DIR; };
		84E4840D27B1F85100F22445 /* BarberAppTests.swift */ = {isa = PBXFileReference; lastKnownFileType = sourcecode.swift; path = BarberAppTests.swift; sourceTree = "<group>"; };
		84E4840F27B1F85100F22445 /* Info.plist */ = {isa = PBXFileReference; lastKnownFileType = text.plist.xml; path = Info.plist; sourceTree = "<group>"; };
		84E4841427B1F85100F22445 /* BarberAppUITests.xctest */ = {isa = PBXFileReference; explicitFileType = wrapper.cfbundle; includeInIndex = 0; path = BarberAppUITests.xctest; sourceTree = BUILT_PRODUCTS_DIR; };
		84E4841827B1F85100F22445 /* BarberAppUITests.swift */ = {isa = PBXFileReference; lastKnownFileType = sourcecode.swift; path = BarberAppUITests.swift; sourceTree = "<group>"; };
		84E4841A27B1F85100F22445 /* Info.plist */ = {isa = PBXFileReference; lastKnownFileType = text.plist.xml; path = Info.plist; sourceTree = "<group>"; };
/* End PBXFileReference section */

/* Begin PBXFrameworksBuildPhase section */
		84E483F027B1F85000F22445 /* Frameworks */ = {
			isa = PBXFrameworksBuildPhase;
			buildActionMask = 2147483647;
			files = (
				7809B59527B6138A002C8484 /* FirebaseFirestoreCombine-Community in Frameworks */,
				7809B58F27B6138A002C8484 /* FirebaseDatabaseSwift-Beta in Frameworks */,
				7809B59127B6138A002C8484 /* FirebaseDynamicLinks in Frameworks */,
				7809B58327B6138A002C8484 /* FirebaseAppCheck in Frameworks */,
				7809B58727B6138A002C8484 /* FirebaseAuth in Frameworks */,
				7809B5B327B6138A002C8484 /* FirebaseStorageSwift-Beta in Frameworks */,
				7809B57F27B6138A002C8484 /* FirebaseAnalyticsSwift-Beta in Frameworks */,
				7809B5AD27B6138A002C8484 /* FirebaseRemoteConfigSwift-Beta in Frameworks */,
				7809B5A527B6138A002C8484 /* FirebaseMLModelDownloader in Frameworks */,
				7809B59327B6138A002C8484 /* FirebaseFirestore in Frameworks */,
				7809B59B27B6138A002C8484 /* FirebaseFunctionsCombine-Community in Frameworks */,
				7809B58527B6138A002C8484 /* FirebaseAppDistribution-Beta in Frameworks */,
				7809B58127B6138A002C8484 /* FirebaseAnalyticsWithoutAdIdSupport in Frameworks */,
				7809B59727B6138A002C8484 /* FirebaseFirestoreSwift-Beta in Frameworks */,
				7809B59F27B6138A002C8484 /* FirebaseInAppMessaging-Beta in Frameworks */,
				7809B58B27B6138A002C8484 /* FirebaseCrashlytics in Frameworks */,
				7809B58D27B6138A002C8484 /* FirebaseDatabase in Frameworks */,
				7809B5B127B6138A002C8484 /* FirebaseStorageCombine-Community in Frameworks */,
				7809B5AB27B6138A002C8484 /* FirebaseRemoteConfig in Frameworks */,
				7809B59D27B6138A002C8484 /* FirebaseFunctionsSwift-Beta in Frameworks */,
				7809B59927B6138A002C8484 /* FirebaseFunctions in Frameworks */,
				7809B5A927B6138A002C8484 /* FirebasePerformance in Frameworks */,
				7809B5A127B6138A002C8484 /* FirebaseInAppMessagingSwift-Beta in Frameworks */,
				7809B5AF27B6138A002C8484 /* FirebaseStorage in Frameworks */,
				7809B58927B6138A002C8484 /* FirebaseAuthCombine-Community in Frameworks */,
				7809B57D27B6138A002C8484 /* FirebaseAnalytics in Frameworks */,
				7809B5A727B6138A002C8484 /* FirebaseMessaging in Frameworks */,
				7809B5A327B6138A002C8484 /* FirebaseInstallations in Frameworks */,
			);
			runOnlyForDeploymentPostprocessing = 0;
		};
		84E4840627B1F85100F22445 /* Frameworks */ = {
			isa = PBXFrameworksBuildPhase;
			buildActionMask = 2147483647;
			files = (
			);
			runOnlyForDeploymentPostprocessing = 0;
		};
		84E4841127B1F85100F22445 /* Frameworks */ = {
			isa = PBXFrameworksBuildPhase;
			buildActionMask = 2147483647;
			files = (
			);
			runOnlyForDeploymentPostprocessing = 0;
		};
/* End PBXFrameworksBuildPhase section */

/* Begin PBXGroup section */
		840909F727B7629D00364E09 /* View */ = {
			isa = PBXGroup;
			children = (
				84E483FC27B1F85000F22445 /* Main.storyboard */,
				84561F2B27E96D72008CEAD9 /* PostView.xib */,
			);
			path = View;
			sourceTree = "<group>";
		};
		840909F827B762A500364E09 /* Controller */ = {
			isa = PBXGroup;
			children = (
				847596CF27BF61C90041614F /* AuthController */,
				847596D327BF64E60041614F /* BarberController */,
				847596D727BF64F60041614F /* ClientController */,
				848CA5DA27B87E7B001EFD41 /* HomepageViewController.swift */,
				84C4D6D027FC00360039D50A /* DetailedPostViewController.swift */,
			);
			path = Controller;
			sourceTree = "<group>";
		};
		84090A0127B762F500364E09 /* Model */ = {
			isa = PBXGroup;
			children = (
				840909FC27B762F100364E09 /* User.swift */,
				84561F3027E96E2F008CEAD9 /* PostView.swift */,
				84957A3927C84F96000BA467 /* Post.swift */,
				84C4D6D827FC0F260039D50A /* Like.swift */,
			);
			path = Model;
			sourceTree = "<group>";
		};
		847596CF27BF61C90041614F /* AuthController */ = {
			isa = PBXGroup;
			children = (
				84E483FA27B1F85000F22445 /* ViewController.swift */,
				84090A0B27B7641300364E09 /* LoginViewController.swift */,
				84090A1027B7641F00364E09 /* SignupViewController.swift */,
				847596DE27BF66320041614F /* UserAuthViewController.swift */,
			);
			path = AuthController;
			sourceTree = "<group>";
		};
		847596D327BF64E60041614F /* BarberController */ = {
			isa = PBXGroup;
			children = (
				848CA5C827B87697001EFD41 /* HomepageBarberViewController.swift */,
				847596E327BF67F30041614F /* PostViewController.swift */,
				847596E827BF68BB0041614F /* ProfileBarberViewController.swift */,
			);
			path = BarberController;
			sourceTree = "<group>";
		};
		847596D727BF64F60041614F /* ClientController */ = {
			isa = PBXGroup;
			children = (
				848CA5D027B87C70001EFD41 /* HomepageClientViewController.swift */,
				847596ED27BF6E2A0041614F /* LocationViewController.swift */,
				847596F527BF6EDD0041614F /* ProfileClientViewController.swift */,
			);
			path = ClientController;
			sourceTree = "<group>";
		};
		84E483EA27B1F85000F22445 = {
			isa = PBXGroup;
			children = (
				84E483F527B1F85000F22445 /* BarberApp */,
				84E4840C27B1F85100F22445 /* BarberAppTests */,
				84E4841727B1F85100F22445 /* BarberAppUITests */,
				84E483F427B1F85000F22445 /* Products */,
			);
			sourceTree = "<group>";
		};
		84E483F427B1F85000F22445 /* Products */ = {
			isa = PBXGroup;
			children = (
				84E483F327B1F85000F22445 /* BarberApp.app */,
				84E4840927B1F85100F22445 /* BarberAppTests.xctest */,
				84E4841427B1F85100F22445 /* BarberAppUITests.xctest */,
			);
			name = Products;
			sourceTree = "<group>";
		};
		84E483F527B1F85000F22445 /* BarberApp */ = {
			isa = PBXGroup;
			children = (
				84E483F627B1F85000F22445 /* AppDelegate.swift */,
				84E483F827B1F85000F22445 /* SceneDelegate.swift */,
				84090A1527B7739100364E09 /* Utilities.swift */,
				848CA5D527B87CCA001EFD41 /* Constant.swift */,
				84090A0127B762F500364E09 /* Model */,
				840909F727B7629D00364E09 /* View */,
				840909F827B762A500364E09 /* Controller */,
				8457AA9127B9A896000B5F15 /* Assets.xcassets */,
				84E4840127B1F85100F22445 /* LaunchScreen.storyboard */,
				84E4840427B1F85100F22445 /* Info.plist */,
				7809B57927B60ECE002C8484 /* GoogleService-Info.plist */,
			);
			path = BarberApp;
			sourceTree = "<group>";
		};
		84E4840C27B1F85100F22445 /* BarberAppTests */ = {
			isa = PBXGroup;
			children = (
				84E4840D27B1F85100F22445 /* BarberAppTests.swift */,
				84E4840F27B1F85100F22445 /* Info.plist */,
			);
			path = BarberAppTests;
			sourceTree = "<group>";
		};
		84E4841727B1F85100F22445 /* BarberAppUITests */ = {
			isa = PBXGroup;
			children = (
				84E4841827B1F85100F22445 /* BarberAppUITests.swift */,
				84E4841A27B1F85100F22445 /* Info.plist */,
			);
			path = BarberAppUITests;
			sourceTree = "<group>";
		};
/* End PBXGroup section */

/* Begin PBXNativeTarget section */
		84E483F227B1F85000F22445 /* BarberApp */ = {
			isa = PBXNativeTarget;
			buildConfigurationList = 84E4841D27B1F85100F22445 /* Build configuration list for PBXNativeTarget "BarberApp" */;
			buildPhases = (
				84E483EF27B1F85000F22445 /* Sources */,
				84E483F027B1F85000F22445 /* Frameworks */,
				84E483F127B1F85000F22445 /* Resources */,
			);
			buildRules = (
			);
			dependencies = (
			);
			name = BarberApp;
			packageProductDependencies = (
				7809B57C27B6138A002C8484 /* FirebaseAnalytics */,
				7809B57E27B6138A002C8484 /* FirebaseAnalyticsSwift-Beta */,
				7809B58027B6138A002C8484 /* FirebaseAnalyticsWithoutAdIdSupport */,
				7809B58227B6138A002C8484 /* FirebaseAppCheck */,
				7809B58427B6138A002C8484 /* FirebaseAppDistribution-Beta */,
				7809B58627B6138A002C8484 /* FirebaseAuth */,
				7809B58827B6138A002C8484 /* FirebaseAuthCombine-Community */,
				7809B58A27B6138A002C8484 /* FirebaseCrashlytics */,
				7809B58C27B6138A002C8484 /* FirebaseDatabase */,
				7809B58E27B6138A002C8484 /* FirebaseDatabaseSwift-Beta */,
				7809B59027B6138A002C8484 /* FirebaseDynamicLinks */,
				7809B59227B6138A002C8484 /* FirebaseFirestore */,
				7809B59427B6138A002C8484 /* FirebaseFirestoreCombine-Community */,
				7809B59627B6138A002C8484 /* FirebaseFirestoreSwift-Beta */,
				7809B59827B6138A002C8484 /* FirebaseFunctions */,
				7809B59A27B6138A002C8484 /* FirebaseFunctionsCombine-Community */,
				7809B59C27B6138A002C8484 /* FirebaseFunctionsSwift-Beta */,
				7809B59E27B6138A002C8484 /* FirebaseInAppMessaging-Beta */,
				7809B5A027B6138A002C8484 /* FirebaseInAppMessagingSwift-Beta */,
				7809B5A227B6138A002C8484 /* FirebaseInstallations */,
				7809B5A427B6138A002C8484 /* FirebaseMLModelDownloader */,
				7809B5A627B6138A002C8484 /* FirebaseMessaging */,
				7809B5A827B6138A002C8484 /* FirebasePerformance */,
				7809B5AA27B6138A002C8484 /* FirebaseRemoteConfig */,
				7809B5AC27B6138A002C8484 /* FirebaseRemoteConfigSwift-Beta */,
				7809B5AE27B6138A002C8484 /* FirebaseStorage */,
				7809B5B027B6138A002C8484 /* FirebaseStorageCombine-Community */,
				7809B5B227B6138A002C8484 /* FirebaseStorageSwift-Beta */,
			);
			productName = BarberApp;
			productReference = 84E483F327B1F85000F22445 /* BarberApp.app */;
			productType = "com.apple.product-type.application";
		};
		84E4840827B1F85100F22445 /* BarberAppTests */ = {
			isa = PBXNativeTarget;
			buildConfigurationList = 84E4842027B1F85100F22445 /* Build configuration list for PBXNativeTarget "BarberAppTests" */;
			buildPhases = (
				84E4840527B1F85100F22445 /* Sources */,
				84E4840627B1F85100F22445 /* Frameworks */,
				84E4840727B1F85100F22445 /* Resources */,
			);
			buildRules = (
			);
			dependencies = (
				84E4840B27B1F85100F22445 /* PBXTargetDependency */,
			);
			name = BarberAppTests;
			productName = BarberAppTests;
			productReference = 84E4840927B1F85100F22445 /* BarberAppTests.xctest */;
			productType = "com.apple.product-type.bundle.unit-test";
		};
		84E4841327B1F85100F22445 /* BarberAppUITests */ = {
			isa = PBXNativeTarget;
			buildConfigurationList = 84E4842327B1F85100F22445 /* Build configuration list for PBXNativeTarget "BarberAppUITests" */;
			buildPhases = (
				84E4841027B1F85100F22445 /* Sources */,
				84E4841127B1F85100F22445 /* Frameworks */,
				84E4841227B1F85100F22445 /* Resources */,
			);
			buildRules = (
			);
			dependencies = (
				84E4841627B1F85100F22445 /* PBXTargetDependency */,
			);
			name = BarberAppUITests;
			productName = BarberAppUITests;
			productReference = 84E4841427B1F85100F22445 /* BarberAppUITests.xctest */;
			productType = "com.apple.product-type.bundle.ui-testing";
		};
/* End PBXNativeTarget section */

/* Begin PBXProject section */
		84E483EB27B1F85000F22445 /* Project object */ = {
			isa = PBXProject;
			attributes = {
				LastSwiftUpdateCheck = 1210;
				LastUpgradeCheck = 1210;
				TargetAttributes = {
					84E483F227B1F85000F22445 = {
						CreatedOnToolsVersion = 12.1;
					};
					84E4840827B1F85100F22445 = {
						CreatedOnToolsVersion = 12.1;
						TestTargetID = 84E483F227B1F85000F22445;
					};
					84E4841327B1F85100F22445 = {
						CreatedOnToolsVersion = 12.1;
						TestTargetID = 84E483F227B1F85000F22445;
					};
				};
			};
			buildConfigurationList = 84E483EE27B1F85000F22445 /* Build configuration list for PBXProject "BarberApp" */;
			compatibilityVersion = "Xcode 9.3";
			developmentRegion = en;
			hasScannedForEncodings = 0;
			knownRegions = (
				en,
				Base,
			);
			mainGroup = 84E483EA27B1F85000F22445;
			packageReferences = (
				7809B57B27B6138A002C8484 /* XCRemoteSwiftPackageReference "firebase-ios-sdk" */,
			);
			productRefGroup = 84E483F427B1F85000F22445 /* Products */;
			projectDirPath = "";
			projectRoot = "";
			targets = (
				84E483F227B1F85000F22445 /* BarberApp */,
				84E4840827B1F85100F22445 /* BarberAppTests */,
				84E4841327B1F85100F22445 /* BarberAppUITests */,
			);
		};
/* End PBXProject section */

/* Begin PBXResourcesBuildPhase section */
		84E483F127B1F85000F22445 /* Resources */ = {
			isa = PBXResourcesBuildPhase;
			buildActionMask = 2147483647;
			files = (
				84E4840327B1F85100F22445 /* LaunchScreen.storyboard in Resources */,
				7809B57A27B60ECE002C8484 /* GoogleService-Info.plist in Resources */,
				84561F2C27E96D72008CEAD9 /* PostView.xib in Resources */,
				84E483FE27B1F85000F22445 /* Main.storyboard in Resources */,
				8457AA9227B9A896000B5F15 /* Assets.xcassets in Resources */,
			);
			runOnlyForDeploymentPostprocessing = 0;
		};
		84E4840727B1F85100F22445 /* Resources */ = {
			isa = PBXResourcesBuildPhase;
			buildActionMask = 2147483647;
			files = (
			);
			runOnlyForDeploymentPostprocessing = 0;
		};
		84E4841227B1F85100F22445 /* Resources */ = {
			isa = PBXResourcesBuildPhase;
			buildActionMask = 2147483647;
			files = (
			);
			runOnlyForDeploymentPostprocessing = 0;
		};
/* End PBXResourcesBuildPhase section */

/* Begin PBXSourcesBuildPhase section */
		84E483EF27B1F85000F22445 /* Sources */ = {
			isa = PBXSourcesBuildPhase;
			buildActionMask = 2147483647;
			files = (
				847596EE27BF6E2A0041614F /* LocationViewController.swift in Sources */,
				847596F627BF6EDD0041614F /* ProfileClientViewController.swift in Sources */,
				84090A1127B7641F00364E09 /* SignupViewController.swift in Sources */,
				840909FD27B762F100364E09 /* User.swift in Sources */,
				84957A3A27C84F96000BA467 /* Post.swift in Sources */,
				848CA5DB27B87E7B001EFD41 /* HomepageViewController.swift in Sources */,
				847596E427BF67F30041614F /* PostViewController.swift in Sources */,
				84C4D6D127FC00360039D50A /* DetailedPostViewController.swift in Sources */,
				847596E927BF68BC0041614F /* ProfileBarberViewController.swift in Sources */,
				847596DF27BF66320041614F /* UserAuthViewController.swift in Sources */,
				84090A1627B7739100364E09 /* Utilities.swift in Sources */,
				84E483FB27B1F85000F22445 /* ViewController.swift in Sources */,
				848CA5C927B87697001EFD41 /* HomepageBarberViewController.swift in Sources */,
				84E483F727B1F85000F22445 /* AppDelegate.swift in Sources */,
				84C4D6D927FC0F260039D50A /* Like.swift in Sources */,
				848CA5D127B87C70001EFD41 /* HomepageClientViewController.swift in Sources */,
				848CA5D627B87CCA001EFD41 /* Constant.swift in Sources */,
				84090A0C27B7641300364E09 /* LoginViewController.swift in Sources */,
				84561F3127E96E2F008CEAD9 /* PostView.swift in Sources */,
				84E483F927B1F85000F22445 /* SceneDelegate.swift in Sources */,
			);
			runOnlyForDeploymentPostprocessing = 0;
		};
		84E4840527B1F85100F22445 /* Sources */ = {
			isa = PBXSourcesBuildPhase;
			buildActionMask = 2147483647;
			files = (
				84E4840E27B1F85100F22445 /* BarberAppTests.swift in Sources */,
			);
			runOnlyForDeploymentPostprocessing = 0;
		};
		84E4841027B1F85100F22445 /* Sources */ = {
			isa = PBXSourcesBuildPhase;
			buildActionMask = 2147483647;
			files = (
				84E4841927B1F85100F22445 /* BarberAppUITests.swift in Sources */,
			);
			runOnlyForDeploymentPostprocessing = 0;
		};
/* End PBXSourcesBuildPhase section */

/* Begin PBXTargetDependency section */
		84E4840B27B1F85100F22445 /* PBXTargetDependency */ = {
			isa = PBXTargetDependency;
			target = 84E483F227B1F85000F22445 /* BarberApp */;
			targetProxy = 84E4840A27B1F85100F22445 /* PBXContainerItemProxy */;
		};
		84E4841627B1F85100F22445 /* PBXTargetDependency */ = {
			isa = PBXTargetDependency;
			target = 84E483F227B1F85000F22445 /* BarberApp */;
			targetProxy = 84E4841527B1F85100F22445 /* PBXContainerItemProxy */;
		};
/* End PBXTargetDependency section */

/* Begin PBXVariantGroup section */
		84E483FC27B1F85000F22445 /* Main.storyboard */ = {
			isa = PBXVariantGroup;
			children = (
				84E483FD27B1F85000F22445 /* Base */,
			);
			name = Main.storyboard;
			sourceTree = "<group>";
		};
		84E4840127B1F85100F22445 /* LaunchScreen.storyboard */ = {
			isa = PBXVariantGroup;
			children = (
				84E4840227B1F85100F22445 /* Base */,
			);
			name = LaunchScreen.storyboard;
			sourceTree = "<group>";
		};
/* End PBXVariantGroup section */

/* Begin XCBuildConfiguration section */
		84E4841B27B1F85100F22445 /* Debug */ = {
			isa = XCBuildConfiguration;
			buildSettings = {
				ALWAYS_SEARCH_USER_PATHS = NO;
				CLANG_ANALYZER_NONNULL = YES;
				CLANG_ANALYZER_NUMBER_OBJECT_CONVERSION = YES_AGGRESSIVE;
				CLANG_CXX_LANGUAGE_STANDARD = "gnu++14";
				CLANG_CXX_LIBRARY = "libc++";
				CLANG_ENABLE_MODULES = YES;
				CLANG_ENABLE_OBJC_ARC = YES;
				CLANG_ENABLE_OBJC_WEAK = YES;
				CLANG_WARN_BLOCK_CAPTURE_AUTORELEASING = YES;
				CLANG_WARN_BOOL_CONVERSION = YES;
				CLANG_WARN_COMMA = YES;
				CLANG_WARN_CONSTANT_CONVERSION = YES;
				CLANG_WARN_DEPRECATED_OBJC_IMPLEMENTATIONS = YES;
				CLANG_WARN_DIRECT_OBJC_ISA_USAGE = YES_ERROR;
				CLANG_WARN_DOCUMENTATION_COMMENTS = YES;
				CLANG_WARN_EMPTY_BODY = YES;
				CLANG_WARN_ENUM_CONVERSION = YES;
				CLANG_WARN_INFINITE_RECURSION = YES;
				CLANG_WARN_INT_CONVERSION = YES;
				CLANG_WARN_NON_LITERAL_NULL_CONVERSION = YES;
				CLANG_WARN_OBJC_IMPLICIT_RETAIN_SELF = YES;
				CLANG_WARN_OBJC_LITERAL_CONVERSION = YES;
				CLANG_WARN_OBJC_ROOT_CLASS = YES_ERROR;
				CLANG_WARN_QUOTED_INCLUDE_IN_FRAMEWORK_HEADER = YES;
				CLANG_WARN_RANGE_LOOP_ANALYSIS = YES;
				CLANG_WARN_STRICT_PROTOTYPES = YES;
				CLANG_WARN_SUSPICIOUS_MOVE = YES;
				CLANG_WARN_UNGUARDED_AVAILABILITY = YES_AGGRESSIVE;
				CLANG_WARN_UNREACHABLE_CODE = YES;
				CLANG_WARN__DUPLICATE_METHOD_MATCH = YES;
				COPY_PHASE_STRIP = NO;
				DEBUG_INFORMATION_FORMAT = dwarf;
				ENABLE_STRICT_OBJC_MSGSEND = YES;
				ENABLE_TESTABILITY = YES;
				GCC_C_LANGUAGE_STANDARD = gnu11;
				GCC_DYNAMIC_NO_PIC = NO;
				GCC_NO_COMMON_BLOCKS = YES;
				GCC_OPTIMIZATION_LEVEL = 0;
				GCC_PREPROCESSOR_DEFINITIONS = (
					"DEBUG=1",
					"$(inherited)",
				);
				GCC_WARN_64_TO_32_BIT_CONVERSION = YES;
				GCC_WARN_ABOUT_RETURN_TYPE = YES_ERROR;
				GCC_WARN_UNDECLARED_SELECTOR = YES;
				GCC_WARN_UNINITIALIZED_AUTOS = YES_AGGRESSIVE;
				GCC_WARN_UNUSED_FUNCTION = YES;
				GCC_WARN_UNUSED_VARIABLE = YES;
				IPHONEOS_DEPLOYMENT_TARGET = 14.1;
				MTL_ENABLE_DEBUG_INFO = INCLUDE_SOURCE;
				MTL_FAST_MATH = YES;
				ONLY_ACTIVE_ARCH = YES;
				SDKROOT = iphoneos;
				SWIFT_ACTIVE_COMPILATION_CONDITIONS = DEBUG;
				SWIFT_OPTIMIZATION_LEVEL = "-Onone";
			};
			name = Debug;
		};
		84E4841C27B1F85100F22445 /* Release */ = {
			isa = XCBuildConfiguration;
			buildSettings = {
				ALWAYS_SEARCH_USER_PATHS = NO;
				CLANG_ANALYZER_NONNULL = YES;
				CLANG_ANALYZER_NUMBER_OBJECT_CONVERSION = YES_AGGRESSIVE;
				CLANG_CXX_LANGUAGE_STANDARD = "gnu++14";
				CLANG_CXX_LIBRARY = "libc++";
				CLANG_ENABLE_MODULES = YES;
				CLANG_ENABLE_OBJC_ARC = YES;
				CLANG_ENABLE_OBJC_WEAK = YES;
				CLANG_WARN_BLOCK_CAPTURE_AUTORELEASING = YES;
				CLANG_WARN_BOOL_CONVERSION = YES;
				CLANG_WARN_COMMA = YES;
				CLANG_WARN_CONSTANT_CONVERSION = YES;
				CLANG_WARN_DEPRECATED_OBJC_IMPLEMENTATIONS = YES;
				CLANG_WARN_DIRECT_OBJC_ISA_USAGE = YES_ERROR;
				CLANG_WARN_DOCUMENTATION_COMMENTS = YES;
				CLANG_WARN_EMPTY_BODY = YES;
				CLANG_WARN_ENUM_CONVERSION = YES;
				CLANG_WARN_INFINITE_RECURSION = YES;
				CLANG_WARN_INT_CONVERSION = YES;
				CLANG_WARN_NON_LITERAL_NULL_CONVERSION = YES;
				CLANG_WARN_OBJC_IMPLICIT_RETAIN_SELF = YES;
				CLANG_WARN_OBJC_LITERAL_CONVERSION = YES;
				CLANG_WARN_OBJC_ROOT_CLASS = YES_ERROR;
				CLANG_WARN_QUOTED_INCLUDE_IN_FRAMEWORK_HEADER = YES;
				CLANG_WARN_RANGE_LOOP_ANALYSIS = YES;
				CLANG_WARN_STRICT_PROTOTYPES = YES;
				CLANG_WARN_SUSPICIOUS_MOVE = YES;
				CLANG_WARN_UNGUARDED_AVAILABILITY = YES_AGGRESSIVE;
				CLANG_WARN_UNREACHABLE_CODE = YES;
				CLANG_WARN__DUPLICATE_METHOD_MATCH = YES;
				COPY_PHASE_STRIP = NO;
				DEBUG_INFORMATION_FORMAT = "dwarf-with-dsym";
				ENABLE_NS_ASSERTIONS = NO;
				ENABLE_STRICT_OBJC_MSGSEND = YES;
				GCC_C_LANGUAGE_STANDARD = gnu11;
				GCC_NO_COMMON_BLOCKS = YES;
				GCC_WARN_64_TO_32_BIT_CONVERSION = YES;
				GCC_WARN_ABOUT_RETURN_TYPE = YES_ERROR;
				GCC_WARN_UNDECLARED_SELECTOR = YES;
				GCC_WARN_UNINITIALIZED_AUTOS = YES_AGGRESSIVE;
				GCC_WARN_UNUSED_FUNCTION = YES;
				GCC_WARN_UNUSED_VARIABLE = YES;
				IPHONEOS_DEPLOYMENT_TARGET = 14.1;
				MTL_ENABLE_DEBUG_INFO = NO;
				MTL_FAST_MATH = YES;
				SDKROOT = iphoneos;
				SWIFT_COMPILATION_MODE = wholemodule;
				SWIFT_OPTIMIZATION_LEVEL = "-O";
				VALIDATE_PRODUCT = YES;
			};
			name = Release;
		};
		84E4841E27B1F85100F22445 /* Debug */ = {
			isa = XCBuildConfiguration;
			buildSettings = {
				ASSETCATALOG_COMPILER_APPICON_NAME = AppIcon;
				ASSETCATALOG_COMPILER_GLOBAL_ACCENT_COLOR_NAME = AccentColor;
				CODE_SIGN_STYLE = Automatic;
				INFOPLIST_FILE = BarberApp/Info.plist;
				LD_RUNPATH_SEARCH_PATHS = (
					"$(inherited)",
					"@executable_path/Frameworks",
				);
				PRODUCT_BUNDLE_IDENTIFIER = com.cse439.group4.BarberApp;
				PRODUCT_NAME = "$(TARGET_NAME)";
				SWIFT_VERSION = 5.0;
				TARGETED_DEVICE_FAMILY = "1,2";
			};
			name = Debug;
		};
		84E4841F27B1F85100F22445 /* Release */ = {
			isa = XCBuildConfiguration;
			buildSettings = {
				ASSETCATALOG_COMPILER_APPICON_NAME = AppIcon;
				ASSETCATALOG_COMPILER_GLOBAL_ACCENT_COLOR_NAME = AccentColor;
				CODE_SIGN_STYLE = Automatic;
				INFOPLIST_FILE = BarberApp/Info.plist;
				LD_RUNPATH_SEARCH_PATHS = (
					"$(inherited)",
					"@executable_path/Frameworks",
				);
				PRODUCT_BUNDLE_IDENTIFIER = com.cse439.group4.BarberApp;
				PRODUCT_NAME = "$(TARGET_NAME)";
				SWIFT_VERSION = 5.0;
				TARGETED_DEVICE_FAMILY = "1,2";
			};
			name = Release;
		};
		84E4842127B1F85100F22445 /* Debug */ = {
			isa = XCBuildConfiguration;
			buildSettings = {
				ALWAYS_EMBED_SWIFT_STANDARD_LIBRARIES = YES;
				BUNDLE_LOADER = "$(TEST_HOST)";
				CODE_SIGN_STYLE = Automatic;
				INFOPLIST_FILE = BarberAppTests/Info.plist;
				IPHONEOS_DEPLOYMENT_TARGET = 14.1;
				LD_RUNPATH_SEARCH_PATHS = (
					"$(inherited)",
					"@executable_path/Frameworks",
					"@loader_path/Frameworks",
				);
				PRODUCT_BUNDLE_IDENTIFIER = com.cse439.group4.BarberAppTests;
				PRODUCT_NAME = "$(TARGET_NAME)";
				SWIFT_VERSION = 5.0;
				TARGETED_DEVICE_FAMILY = "1,2";
				TEST_HOST = "$(BUILT_PRODUCTS_DIR)/BarberApp.app/BarberApp";
			};
			name = Debug;
		};
		84E4842227B1F85100F22445 /* Release */ = {
			isa = XCBuildConfiguration;
			buildSettings = {
				ALWAYS_EMBED_SWIFT_STANDARD_LIBRARIES = YES;
				BUNDLE_LOADER = "$(TEST_HOST)";
				CODE_SIGN_STYLE = Automatic;
				INFOPLIST_FILE = BarberAppTests/Info.plist;
				IPHONEOS_DEPLOYMENT_TARGET = 14.1;
				LD_RUNPATH_SEARCH_PATHS = (
					"$(inherited)",
					"@executable_path/Frameworks",
					"@loader_path/Frameworks",
				);
				PRODUCT_BUNDLE_IDENTIFIER = com.cse439.group4.BarberAppTests;
				PRODUCT_NAME = "$(TARGET_NAME)";
				SWIFT_VERSION = 5.0;
				TARGETED_DEVICE_FAMILY = "1,2";
				TEST_HOST = "$(BUILT_PRODUCTS_DIR)/BarberApp.app/BarberApp";
			};
			name = Release;
		};
		84E4842427B1F85100F22445 /* Debug */ = {
			isa = XCBuildConfiguration;
			buildSettings = {
				ALWAYS_EMBED_SWIFT_STANDARD_LIBRARIES = YES;
				CODE_SIGN_STYLE = Automatic;
				INFOPLIST_FILE = BarberAppUITests/Info.plist;
				LD_RUNPATH_SEARCH_PATHS = (
					"$(inherited)",
					"@executable_path/Frameworks",
					"@loader_path/Frameworks",
				);
				PRODUCT_BUNDLE_IDENTIFIER = com.cse439.group4.BarberAppUITests;
				PRODUCT_NAME = "$(TARGET_NAME)";
				SWIFT_VERSION = 5.0;
				TARGETED_DEVICE_FAMILY = "1,2";
				TEST_TARGET_NAME = BarberApp;
			};
			name = Debug;
		};
		84E4842527B1F85100F22445 /* Release */ = {
			isa = XCBuildConfiguration;
			buildSettings = {
				ALWAYS_EMBED_SWIFT_STANDARD_LIBRARIES = YES;
				CODE_SIGN_STYLE = Automatic;
				INFOPLIST_FILE = BarberAppUITests/Info.plist;
				LD_RUNPATH_SEARCH_PATHS = (
					"$(inherited)",
					"@executable_path/Frameworks",
					"@loader_path/Frameworks",
				);
				PRODUCT_BUNDLE_IDENTIFIER = com.cse439.group4.BarberAppUITests;
				PRODUCT_NAME = "$(TARGET_NAME)";
				SWIFT_VERSION = 5.0;
				TARGETED_DEVICE_FAMILY = "1,2";
				TEST_TARGET_NAME = BarberApp;
			};
			name = Release;
		};
/* End XCBuildConfiguration section */

/* Begin XCConfigurationList section */
		84E483EE27B1F85000F22445 /* Build configuration list for PBXProject "BarberApp" */ = {
			isa = XCConfigurationList;
			buildConfigurations = (
				84E4841B27B1F85100F22445 /* Debug */,
				84E4841C27B1F85100F22445 /* Release */,
			);
			defaultConfigurationIsVisible = 0;
			defaultConfigurationName = Release;
		};
		84E4841D27B1F85100F22445 /* Build configuration list for PBXNativeTarget "BarberApp" */ = {
			isa = XCConfigurationList;
			buildConfigurations = (
				84E4841E27B1F85100F22445 /* Debug */,
				84E4841F27B1F85100F22445 /* Release */,
			);
			defaultConfigurationIsVisible = 0;
			defaultConfigurationName = Release;
		};
		84E4842027B1F85100F22445 /* Build configuration list for PBXNativeTarget "BarberAppTests" */ = {
			isa = XCConfigurationList;
			buildConfigurations = (
				84E4842127B1F85100F22445 /* Debug */,
				84E4842227B1F85100F22445 /* Release */,
			);
			defaultConfigurationIsVisible = 0;
			defaultConfigurationName = Release;
		};
		84E4842327B1F85100F22445 /* Build configuration list for PBXNativeTarget "BarberAppUITests" */ = {
			isa = XCConfigurationList;
			buildConfigurations = (
				84E4842427B1F85100F22445 /* Debug */,
				84E4842527B1F85100F22445 /* Release */,
			);
			defaultConfigurationIsVisible = 0;
			defaultConfigurationName = Release;
		};
/* End XCConfigurationList section */

/* Begin XCRemoteSwiftPackageReference section */
		7809B57B27B6138A002C8484 /* XCRemoteSwiftPackageReference "firebase-ios-sdk" */ = {
			isa = XCRemoteSwiftPackageReference;
			repositoryURL = "https://github.com/firebase/firebase-ios-sdk";
			requirement = {
				kind = upToNextMajorVersion;
				minimumVersion = 8.0.0;
			};
		};
/* End XCRemoteSwiftPackageReference section */

/* Begin XCSwiftPackageProductDependency section */
		7809B57C27B6138A002C8484 /* FirebaseAnalytics */ = {
			isa = XCSwiftPackageProductDependency;
			package = 7809B57B27B6138A002C8484 /* XCRemoteSwiftPackageReference "firebase-ios-sdk" */;
			productName = FirebaseAnalytics;
		};
		7809B57E27B6138A002C8484 /* FirebaseAnalyticsSwift-Beta */ = {
			isa = XCSwiftPackageProductDependency;
			package = 7809B57B27B6138A002C8484 /* XCRemoteSwiftPackageReference "firebase-ios-sdk" */;
			productName = "FirebaseAnalyticsSwift-Beta";
		};
		7809B58027B6138A002C8484 /* FirebaseAnalyticsWithoutAdIdSupport */ = {
			isa = XCSwiftPackageProductDependency;
			package = 7809B57B27B6138A002C8484 /* XCRemoteSwiftPackageReference "firebase-ios-sdk" */;
			productName = FirebaseAnalyticsWithoutAdIdSupport;
		};
		7809B58227B6138A002C8484 /* FirebaseAppCheck */ = {
			isa = XCSwiftPackageProductDependency;
			package = 7809B57B27B6138A002C8484 /* XCRemoteSwiftPackageReference "firebase-ios-sdk" */;
			productName = FirebaseAppCheck;
		};
		7809B58427B6138A002C8484 /* FirebaseAppDistribution-Beta */ = {
			isa = XCSwiftPackageProductDependency;
			package = 7809B57B27B6138A002C8484 /* XCRemoteSwiftPackageReference "firebase-ios-sdk" */;
			productName = "FirebaseAppDistribution-Beta";
		};
		7809B58627B6138A002C8484 /* FirebaseAuth */ = {
			isa = XCSwiftPackageProductDependency;
			package = 7809B57B27B6138A002C8484 /* XCRemoteSwiftPackageReference "firebase-ios-sdk" */;
			productName = FirebaseAuth;
		};
		7809B58827B6138A002C8484 /* FirebaseAuthCombine-Community */ = {
			isa = XCSwiftPackageProductDependency;
			package = 7809B57B27B6138A002C8484 /* XCRemoteSwiftPackageReference "firebase-ios-sdk" */;
			productName = "FirebaseAuthCombine-Community";
		};
		7809B58A27B6138A002C8484 /* FirebaseCrashlytics */ = {
			isa = XCSwiftPackageProductDependency;
			package = 7809B57B27B6138A002C8484 /* XCRemoteSwiftPackageReference "firebase-ios-sdk" */;
			productName = FirebaseCrashlytics;
		};
		7809B58C27B6138A002C8484 /* FirebaseDatabase */ = {
			isa = XCSwiftPackageProductDependency;
			package = 7809B57B27B6138A002C8484 /* XCRemoteSwiftPackageReference "firebase-ios-sdk" */;
			productName = FirebaseDatabase;
		};
		7809B58E27B6138A002C8484 /* FirebaseDatabaseSwift-Beta */ = {
			isa = XCSwiftPackageProductDependency;
			package = 7809B57B27B6138A002C8484 /* XCRemoteSwiftPackageReference "firebase-ios-sdk" */;
			productName = "FirebaseDatabaseSwift-Beta";
		};
		7809B59027B6138A002C8484 /* FirebaseDynamicLinks */ = {
			isa = XCSwiftPackageProductDependency;
			package = 7809B57B27B6138A002C8484 /* XCRemoteSwiftPackageReference "firebase-ios-sdk" */;
			productName = FirebaseDynamicLinks;
		};
		7809B59227B6138A002C8484 /* FirebaseFirestore */ = {
			isa = XCSwiftPackageProductDependency;
			package = 7809B57B27B6138A002C8484 /* XCRemoteSwiftPackageReference "firebase-ios-sdk" */;
			productName = FirebaseFirestore;
		};
		7809B59427B6138A002C8484 /* FirebaseFirestoreCombine-Community */ = {
			isa = XCSwiftPackageProductDependency;
			package = 7809B57B27B6138A002C8484 /* XCRemoteSwiftPackageReference "firebase-ios-sdk" */;
			productName = "FirebaseFirestoreCombine-Community";
		};
		7809B59627B6138A002C8484 /* FirebaseFirestoreSwift-Beta */ = {
			isa = XCSwiftPackageProductDependency;
			package = 7809B57B27B6138A002C8484 /* XCRemoteSwiftPackageReference "firebase-ios-sdk" */;
			productName = "FirebaseFirestoreSwift-Beta";
		};
		7809B59827B6138A002C8484 /* FirebaseFunctions */ = {
			isa = XCSwiftPackageProductDependency;
			package = 7809B57B27B6138A002C8484 /* XCRemoteSwiftPackageReference "firebase-ios-sdk" */;
			productName = FirebaseFunctions;
		};
		7809B59A27B6138A002C8484 /* FirebaseFunctionsCombine-Community */ = {
			isa = XCSwiftPackageProductDependency;
			package = 7809B57B27B6138A002C8484 /* XCRemoteSwiftPackageReference "firebase-ios-sdk" */;
			productName = "FirebaseFunctionsCombine-Community";
		};
		7809B59C27B6138A002C8484 /* FirebaseFunctionsSwift-Beta */ = {
			isa = XCSwiftPackageProductDependency;
			package = 7809B57B27B6138A002C8484 /* XCRemoteSwiftPackageReference "firebase-ios-sdk" */;
			productName = "FirebaseFunctionsSwift-Beta";
		};
		7809B59E27B6138A002C8484 /* FirebaseInAppMessaging-Beta */ = {
			isa = XCSwiftPackageProductDependency;
			package = 7809B57B27B6138A002C8484 /* XCRemoteSwiftPackageReference "firebase-ios-sdk" */;
			productName = "FirebaseInAppMessaging-Beta";
		};
		7809B5A027B6138A002C8484 /* FirebaseInAppMessagingSwift-Beta */ = {
			isa = XCSwiftPackageProductDependency;
			package = 7809B57B27B6138A002C8484 /* XCRemoteSwiftPackageReference "firebase-ios-sdk" */;
			productName = "FirebaseInAppMessagingSwift-Beta";
		};
		7809B5A227B6138A002C8484 /* FirebaseInstallations */ = {
			isa = XCSwiftPackageProductDependency;
			package = 7809B57B27B6138A002C8484 /* XCRemoteSwiftPackageReference "firebase-ios-sdk" */;
			productName = FirebaseInstallations;
		};
		7809B5A427B6138A002C8484 /* FirebaseMLModelDownloader */ = {
			isa = XCSwiftPackageProductDependency;
			package = 7809B57B27B6138A002C8484 /* XCRemoteSwiftPackageReference "firebase-ios-sdk" */;
			productName = FirebaseMLModelDownloader;
		};
		7809B5A627B6138A002C8484 /* FirebaseMessaging */ = {
			isa = XCSwiftPackageProductDependency;
			package = 7809B57B27B6138A002C8484 /* XCRemoteSwiftPackageReference "firebase-ios-sdk" */;
			productName = FirebaseMessaging;
		};
		7809B5A827B6138A002C8484 /* FirebasePerformance */ = {
			isa = XCSwiftPackageProductDependency;
			package = 7809B57B27B6138A002C8484 /* XCRemoteSwiftPackageReference "firebase-ios-sdk" */;
			productName = FirebasePerformance;
		};
		7809B5AA27B6138A002C8484 /* FirebaseRemoteConfig */ = {
			isa = XCSwiftPackageProductDependency;
			package = 7809B57B27B6138A002C8484 /* XCRemoteSwiftPackageReference "firebase-ios-sdk" */;
			productName = FirebaseRemoteConfig;
		};
		7809B5AC27B6138A002C8484 /* FirebaseRemoteConfigSwift-Beta */ = {
			isa = XCSwiftPackageProductDependency;
			package = 7809B57B27B6138A002C8484 /* XCRemoteSwiftPackageReference "firebase-ios-sdk" */;
			productName = "FirebaseRemoteConfigSwift-Beta";
		};
		7809B5AE27B6138A002C8484 /* FirebaseStorage */ = {
			isa = XCSwiftPackageProductDependency;
			package = 7809B57B27B6138A002C8484 /* XCRemoteSwiftPackageReference "firebase-ios-sdk" */;
			productName = FirebaseStorage;
		};
		7809B5B027B6138A002C8484 /* FirebaseStorageCombine-Community */ = {
			isa = XCSwiftPackageProductDependency;
			package = 7809B57B27B6138A002C8484 /* XCRemoteSwiftPackageReference "firebase-ios-sdk" */;
			productName = "FirebaseStorageCombine-Community";
		};
		7809B5B227B6138A002C8484 /* FirebaseStorageSwift-Beta */ = {
			isa = XCSwiftPackageProductDependency;
			package = 7809B57B27B6138A002C8484 /* XCRemoteSwiftPackageReference "firebase-ios-sdk" */;
			productName = "FirebaseStorageSwift-Beta";
		};
/* End XCSwiftPackageProductDependency section */
	};
	rootObject = 84E483EB27B1F85000F22445 /* Project object */;
}
